github.com/discord/lilliput v0.0.0-20210107074859-dbb0328436e8 h1:+VIxYOcMclr7Etst/YQ2qMlEbKghsh9DzsvUqFueRgQ=
github.com/discord/lilliput v0.0.0-20210107074859-dbb0328436e8/go.mod h1:0euuUBAD72MAYRm2ElLaG1h0nBR+CgpfnKc/U6y/uE8=
github.com/gorilla/mux v1.8.0 h1:i40aqfkR1h2SlN9hojwV5ZA91wcXFOvkdNIeFDP5koI=
github.com/gorilla/mux v1.8.0/go.mod h1:DVbg23sWSpFRCP0SfiEN6jmj59UnW/n46BH5rLB71So=
